// !$*UTF8*$!
{
	archiveVersion = 1;
	classes = {
	};
	objectVersion = 50;
	objects = {

/* Begin PBXBuildFile section */
		AD390ED6264F77E90084BD9F /* EmojibookApp.swift in Sources */ = {isa = PBXBuildFile; fileRef = AD390ED5264F77E90084BD9F /* EmojibookApp.swift */; };
		AD390ED8264F77E90084BD9F /* EmojibookListView.swift in Sources */ = {isa = PBXBuildFile; fileRef = AD390ED7264F77E90084BD9F /* EmojibookListView.swift */; };
		AD390EDA264F77EC0084BD9F /* Assets.xcassets in Resources */ = {isa = PBXBuildFile; fileRef = AD390ED9264F77EC0084BD9F /* Assets.xcassets */; };
		AD390EDD264F77EC0084BD9F /* Preview Assets.xcassets in Resources */ = {isa = PBXBuildFile; fileRef = AD390EDC264F77EC0084BD9F /* Preview Assets.xcassets */; };
		AD390EE7264F7C1B0084BD9F /* EmojiDetails.swift in Sources */ = {isa = PBXBuildFile; fileRef = AD390EE6264F7C1B0084BD9F /* EmojiDetails.swift */; };
		AD390EEB264F7D1F0084BD9F /* EmojiProvider.swift in Sources */ = {isa = PBXBuildFile; fileRef = AD390EEA264F7D1F0084BD9F /* EmojiProvider.swift */; };
		AD6299DE265072C700513C61 /* WidgetKit.framework in Frameworks */ = {isa = PBXBuildFile; fileRef = AD6299DD265072C700513C61 /* WidgetKit.framework */; };
		AD6299E0265072C700513C61 /* SwiftUI.framework in Frameworks */ = {isa = PBXBuildFile; fileRef = AD6299DF265072C700513C61 /* SwiftUI.framework */; };
		AD6299E3265072C700513C61 /* Emojibook_Widget.swift in Sources */ = {isa = PBXBuildFile; fileRef = AD6299E2265072C700513C61 /* Emojibook_Widget.swift */; };
		AD6299E5265072C800513C61 /* Assets.xcassets in Resources */ = {isa = PBXBuildFile; fileRef = AD6299E4265072C800513C61 /* Assets.xcassets */; };
		AD6299E9265072C800513C61 /* Emojibook WidgetExtension.appex in Embed App Extensions */ = {isa = PBXBuildFile; fileRef = AD6299DB265072C700513C61 /* Emojibook WidgetExtension.appex */; settings = {ATTRIBUTES = (RemoveHeadersOnCopy, ); }; };
		AD6299F0265076F400513C61 /* EmojiDetails.swift in Sources */ = {isa = PBXBuildFile; fileRef = AD390EE6264F7C1B0084BD9F /* EmojiDetails.swift */; };
		AD6299F3265076FB00513C61 /* EmojiProvider.swift in Sources */ = {isa = PBXBuildFile; fileRef = AD390EEA264F7D1F0084BD9F /* EmojiProvider.swift */; };
		AD6299F72650773A00513C61 /* EmojiWidgetView.swift in Sources */ = {isa = PBXBuildFile; fileRef = AD6299F62650773A00513C61 /* EmojiWidgetView.swift */; };
/* End PBXBuildFile section */

/* Begin PBXContainerItemProxy section */
		AD6299E7265072C800513C61 /* PBXContainerItemProxy */ = {
			isa = PBXContainerItemProxy;
			containerPortal = AD390ECA264F77E90084BD9F /* Project object */;
			proxyType = 1;
			remoteGlobalIDString = AD6299DA265072C700513C61;
			remoteInfo = "Emojibook WidgetExtension";
		};
/* End PBXContainerItemProxy section */

/* Begin PBXCopyFilesBuildPhase section */
		AD6299EA265072C800513C61 /* Embed App Extensions */ = {
			isa = PBXCopyFilesBuildPhase;
			buildActionMask = 2147483647;
			dstPath = "";
			dstSubfolderSpec = 13;
			files = (
				AD6299E9265072C800513C61 /* Emojibook WidgetExtension.appex in Embed App Extensions */,
			);
			name = "Embed App Extensions";
			runOnlyForDeploymentPostprocessing = 0;
		};
/* End PBXCopyFilesBuildPhase section */

/* Begin PBXFileReference section */
		AD390ED2264F77E90084BD9F /* Emojibook.app */ = {isa = PBXFileReference; explicitFileType = wrapper.application; includeInIndex = 0; path = Emojibook.app; sourceTree = BUILT_PRODUCTS_DIR; };
		AD390ED5264F77E90084BD9F /* EmojibookApp.swift */ = {isa = PBXFileReference; lastKnownFileType = sourcecode.swift; path = EmojibookApp.swift; sourceTree = "<group>"; };
		AD390ED7264F77E90084BD9F /* EmojibookListView.swift */ = {isa = PBXFileReference; lastKnownFileType = sourcecode.swift; path = EmojibookListView.swift; sourceTree = "<group>"; };
		AD390ED9264F77EC0084BD9F /* Assets.xcassets */ = {isa = PBXFileReference; lastKnownFileType = folder.assetcatalog; path = Assets.xcassets; sourceTree = "<group>"; };
		AD390EDC264F77EC0084BD9F /* Preview Assets.xcassets */ = {isa = PBXFileReference; lastKnownFileType = folder.assetcatalog; path = "Preview Assets.xcassets"; sourceTree = "<group>"; };
		AD390EDE264F77EC0084BD9F /* Info.plist */ = {isa = PBXFileReference; lastKnownFileType = text.plist.xml; path = Info.plist; sourceTree = "<group>"; };
		AD390EE6264F7C1B0084BD9F /* EmojiDetails.swift */ = {isa = PBXFileReference; lastKnownFileType = sourcecode.swift; path = EmojiDetails.swift; sourceTree = "<group>"; };
		AD390EEA264F7D1F0084BD9F /* EmojiProvider.swift */ = {isa = PBXFileReference; lastKnownFileType = sourcecode.swift; path = EmojiProvider.swift; sourceTree = "<group>"; };
		AD6299DB265072C700513C61 /* Emojibook WidgetExtension.appex */ = {isa = PBXFileReference; explicitFileType = "wrapper.app-extension"; includeInIndex = 0; path = "Emojibook WidgetExtension.appex"; sourceTree = BUILT_PRODUCTS_DIR; };
		AD6299DD265072C700513C61 /* WidgetKit.framework */ = {isa = PBXFileReference; lastKnownFileType = wrapper.framework; name = WidgetKit.framework; path = System/Library/Frameworks/WidgetKit.framework; sourceTree = SDKROOT; };
		AD6299DF265072C700513C61 /* SwiftUI.framework */ = {isa = PBXFileReference; lastKnownFileType = wrapper.framework; name = SwiftUI.framework; path = System/Library/Frameworks/SwiftUI.framework; sourceTree = SDKROOT; };
		AD6299E2265072C700513C61 /* Emojibook_Widget.swift */ = {isa = PBXFileReference; lastKnownFileType = sourcecode.swift; path = Emojibook_Widget.swift; sourceTree = "<group>"; };
		AD6299E4265072C800513C61 /* Assets.xcassets */ = {isa = PBXFileReference; lastKnownFileType = folder.assetcatalog; path = Assets.xcassets; sourceTree = "<group>"; };
		AD6299E6265072C800513C61 /* Info.plist */ = {isa = PBXFileReference; lastKnownFileType = text.plist.xml; path = Info.plist; sourceTree = "<group>"; };
		AD6299F62650773A00513C61 /* EmojiWidgetView.swift */ = {isa = PBXFileReference; lastKnownFileType = sourcecode.swift; name = EmojiWidgetView.swift; path = Emojibook/EmojiWidgetView.swift; sourceTree = SOURCE_ROOT; };
/* End PBXFileReference section */

/* Begin PBXFrameworksBuildPhase section */
		AD390ECF264F77E90084BD9F /* Frameworks */ = {
			isa = PBXFrameworksBuildPhase;
			buildActionMask = 2147483647;
			files = (
			);
			runOnlyForDeploymentPostprocessing = 0;
		};
		AD6299D8265072C700513C61 /* Frameworks */ = {
			isa = PBXFrameworksBuildPhase;
			buildActionMask = 2147483647;
			files = (
				AD6299E0265072C700513C61 /* SwiftUI.framework in Frameworks */,
				AD6299DE265072C700513C61 /* WidgetKit.framework in Frameworks */,
			);
			runOnlyForDeploymentPostprocessing = 0;
		};
/* End PBXFrameworksBuildPhase section */

/* Begin PBXGroup section */
		AD390EC9264F77E90084BD9F = {
			isa = PBXGroup;
			children = (
				AD390ED4264F77E90084BD9F /* Emojibook */,
				AD6299E1265072C700513C61 /* Emojibook Widget */,
				AD6299DC265072C700513C61 /* Frameworks */,
				AD390ED3264F77E90084BD9F /* Products */,
			);
			sourceTree = "<group>";
		};
		AD390ED3264F77E90084BD9F /* Products */ = {
			isa = PBXGroup;
			children = (
				AD390ED2264F77E90084BD9F /* Emojibook.app */,
				AD6299DB265072C700513C61 /* Emojibook WidgetExtension.appex */,
			);
			name = Products;
			sourceTree = "<group>";
		};
		AD390ED4264F77E90084BD9F /* Emojibook */ = {
			isa = PBXGroup;
			children = (
				AD390ED5264F77E90084BD9F /* EmojibookApp.swift */,
				AD390ED7264F77E90084BD9F /* EmojibookListView.swift */,
				AD390EE6264F7C1B0084BD9F /* EmojiDetails.swift */,
				AD390EEA264F7D1F0084BD9F /* EmojiProvider.swift */,
				AD390ED9264F77EC0084BD9F /* Assets.xcassets */,
				AD390EDE264F77EC0084BD9F /* Info.plist */,
				AD390EDB264F77EC0084BD9F /* Preview Content */,
			);
			path = Emojibook;
			sourceTree = "<group>";
		};
		AD390EDB264F77EC0084BD9F /* Preview Content */ = {
			isa = PBXGroup;
			children = (
				AD390EDC264F77EC0084BD9F /* Preview Assets.xcassets */,
			);
			path = "Preview Content";
			sourceTree = "<group>";
		};
		AD6299DC265072C700513C61 /* Frameworks */ = {
			isa = PBXGroup;
			children = (
				AD6299DD265072C700513C61 /* WidgetKit.framework */,
				AD6299DF265072C700513C61 /* SwiftUI.framework */,
			);
			name = Frameworks;
			sourceTree = "<group>";
		};
		AD6299E1265072C700513C61 /* Emojibook Widget */ = {
			isa = PBXGroup;
			children = (
				AD6299F62650773A00513C61 /* EmojiWidgetView.swift */,
				AD6299E2265072C700513C61 /* Emojibook_Widget.swift */,
				AD6299E4265072C800513C61 /* Assets.xcassets */,
				AD6299E6265072C800513C61 /* Info.plist */,
			);
			path = "Emojibook Widget";
			sourceTree = "<group>";
		};
/* End PBXGroup section */

/* Begin PBXNativeTarget section */
		AD390ED1264F77E90084BD9F /* Emojibook */ = {
			isa = PBXNativeTarget;
			buildConfigurationList = AD390EE1264F77EC0084BD9F /* Build configuration list for PBXNativeTarget "Emojibook" */;
			buildPhases = (
				AD390ECE264F77E90084BD9F /* Sources */,
				AD390ECF264F77E90084BD9F /* Frameworks */,
				AD390ED0264F77E90084BD9F /* Resources */,
				AD6299EA265072C800513C61 /* Embed App Extensions */,
			);
			buildRules = (
			);
			dependencies = (
				AD6299E8265072C800513C61 /* PBXTargetDependency */,
			);
			name = Emojibook;
			productName = Emojibook;
			productReference = AD390ED2264F77E90084BD9F /* Emojibook.app */;
			productType = "com.apple.product-type.application";
		};
		AD6299DA265072C700513C61 /* Emojibook WidgetExtension */ = {
			isa = PBXNativeTarget;
			buildConfigurationList = AD6299ED265072C800513C61 /* Build configuration list for PBXNativeTarget "Emojibook WidgetExtension" */;
			buildPhases = (
				AD6299D7265072C700513C61 /* Sources */,
				AD6299D8265072C700513C61 /* Frameworks */,
				AD6299D9265072C700513C61 /* Resources */,
			);
			buildRules = (
			);
			dependencies = (
			);
			name = "Emojibook WidgetExtension";
			productName = "Emojibook WidgetExtension";
			productReference = AD6299DB265072C700513C61 /* Emojibook WidgetExtension.appex */;
			productType = "com.apple.product-type.app-extension";
		};
/* End PBXNativeTarget section */

/* Begin PBXProject section */
		AD390ECA264F77E90084BD9F /* Project object */ = {
			isa = PBXProject;
			attributes = {
				LastSwiftUpdateCheck = 1240;
				LastUpgradeCheck = 1240;
				TargetAttributes = {
					AD390ED1264F77E90084BD9F = {
						CreatedOnToolsVersion = 12.4;
					};
					AD6299DA265072C700513C61 = {
						CreatedOnToolsVersion = 12.4;
					};
				};
			};
			buildConfigurationList = AD390ECD264F77E90084BD9F /* Build configuration list for PBXProject "Emojibook" */;
			compatibilityVersion = "Xcode 9.3";
			developmentRegion = en;
			hasScannedForEncodings = 0;
			knownRegions = (
				en,
				Base,
			);
			mainGroup = AD390EC9264F77E90084BD9F;
			productRefGroup = AD390ED3264F77E90084BD9F /* Products */;
			projectDirPath = "";
			projectRoot = "";
			targets = (
				AD390ED1264F77E90084BD9F /* Emojibook */,
				AD6299DA265072C700513C61 /* Emojibook WidgetExtension */,
			);
		};
/* End PBXProject section */

/* Begin PBXResourcesBuildPhase section */
		AD390ED0264F77E90084BD9F /* Resources */ = {
			isa = PBXResourcesBuildPhase;
			buildActionMask = 2147483647;
			files = (
				AD390EDD264F77EC0084BD9F /* Preview Assets.xcassets in Resources */,
				AD390EDA264F77EC0084BD9F /* Assets.xcassets in Resources */,
			);
			runOnlyForDeploymentPostprocessing = 0;
		};
		AD6299D9265072C700513C61 /* Resources */ = {
			isa = PBXResourcesBuildPhase;
			buildActionMask = 2147483647;
			files = (
				AD6299E5265072C800513C61 /* Assets.xcassets in Resources */,
			);
			runOnlyForDeploymentPostprocessing = 0;
		};
/* End PBXResourcesBuildPhase section */

/* Begin PBXSourcesBuildPhase section */
		AD390ECE264F77E90084BD9F /* Sources */ = {
			isa = PBXSourcesBuildPhase;
			buildActionMask = 2147483647;
			files = (
				AD390ED8264F77E90084BD9F /* EmojibookListView.swift in Sources */,
				AD390EEB264F7D1F0084BD9F /* EmojiProvider.swift in Sources */,
				AD390ED6264F77E90084BD9F /* EmojibookApp.swift in Sources */,
				AD390EE7264F7C1B0084BD9F /* EmojiDetails.swift in Sources */,
			);
			runOnlyForDeploymentPostprocessing = 0;
		};
		AD6299D7265072C700513C61 /* Sources */ = {
			isa = PBXSourcesBuildPhase;
			buildActionMask = 2147483647;
			files = (
				AD6299E3265072C700513C61 /* Emojibook_Widget.swift in Sources */,
				AD6299F0265076F400513C61 /* EmojiDetails.swift in Sources */,
				AD6299F3265076FB00513C61 /* EmojiProvider.swift in Sources */,
				AD6299F72650773A00513C61 /* EmojiWidgetView.swift in Sources */,
			);
			runOnlyForDeploymentPostprocessing = 0;
		};
/* End PBXSourcesBuildPhase section */

/* Begin PBXTargetDependency section */
		AD6299E8265072C800513C61 /* PBXTargetDependency */ = {
			isa = PBXTargetDependency;
			target = AD6299DA265072C700513C61 /* Emojibook WidgetExtension */;
			targetProxy = AD6299E7265072C800513C61 /* PBXContainerItemProxy */;
		};
/* End PBXTargetDependency section */

/* Begin XCBuildConfiguration section */
		AD390EDF264F77EC0084BD9F /* Debug */ = {
			isa = XCBuildConfiguration;
			buildSettings = {
				ALWAYS_SEARCH_USER_PATHS = NO;
				CLANG_ANALYZER_NONNULL = YES;
				CLANG_ANALYZER_NUMBER_OBJECT_CONVERSION = YES_AGGRESSIVE;
				CLANG_CXX_LANGUAGE_STANDARD = "gnu++14";
				CLANG_CXX_LIBRARY = "libc++";
				CLANG_ENABLE_MODULES = YES;
				CLANG_ENABLE_OBJC_ARC = YES;
				CLANG_ENABLE_OBJC_WEAK = YES;
				CLANG_WARN_BLOCK_CAPTURE_AUTORELEASING = YES;
				CLANG_WARN_BOOL_CONVERSION = YES;
				CLANG_WARN_COMMA = YES;
				CLANG_WARN_CONSTANT_CONVERSION = YES;
				CLANG_WARN_DEPRECATED_OBJC_IMPLEMENTATIONS = YES;
				CLANG_WARN_DIRECT_OBJC_ISA_USAGE = YES_ERROR;
				CLANG_WARN_DOCUMENTATION_COMMENTS = YES;
				CLANG_WARN_EMPTY_BODY = YES;
				CLANG_WARN_ENUM_CONVERSION = YES;
				CLANG_WARN_INFINITE_RECURSION = YES;
				CLANG_WARN_INT_CONVERSION = YES;
				CLANG_WARN_NON_LITERAL_NULL_CONVERSION = YES;
				CLANG_WARN_OBJC_IMPLICIT_RETAIN_SELF = YES;
				CLANG_WARN_OBJC_LITERAL_CONVERSION = YES;
				CLANG_WARN_OBJC_ROOT_CLASS = YES_ERROR;
				CLANG_WARN_QUOTED_INCLUDE_IN_FRAMEWORK_HEADER = YES;
				CLANG_WARN_RANGE_LOOP_ANALYSIS = YES;
				CLANG_WARN_STRICT_PROTOTYPES = YES;
				CLANG_WARN_SUSPICIOUS_MOVE = YES;
				CLANG_WARN_UNGUARDED_AVAILABILITY = YES_AGGRESSIVE;
				CLANG_WARN_UNREACHABLE_CODE = YES;
				CLANG_WARN__DUPLICATE_METHOD_MATCH = YES;
				COPY_PHASE_STRIP = NO;
				DEBUG_INFORMATION_FORMAT = dwarf;
				ENABLE_STRICT_OBJC_MSGSEND = YES;
				ENABLE_TESTABILITY = YES;
				GCC_C_LANGUAGE_STANDARD = gnu11;
				GCC_DYNAMIC_NO_PIC = NO;
				GCC_NO_COMMON_BLOCKS = YES;
				GCC_OPTIMIZATION_LEVEL = 0;
				GCC_PREPROCESSOR_DEFINITIONS = (
					"DEBUG=1",
					"$(inherited)",
				);
				GCC_WARN_64_TO_32_BIT_CONVERSION = YES;
				GCC_WARN_ABOUT_RETURN_TYPE = YES_ERROR;
				GCC_WARN_UNDECLARED_SELECTOR = YES;
				GCC_WARN_UNINITIALIZED_AUTOS = YES_AGGRESSIVE;
				GCC_WARN_UNUSED_FUNCTION = YES;
				GCC_WARN_UNUSED_VARIABLE = YES;
				IPHONEOS_DEPLOYMENT_TARGET = 14.4;
				MTL_ENABLE_DEBUG_INFO = INCLUDE_SOURCE;
				MTL_FAST_MATH = YES;
				ONLY_ACTIVE_ARCH = YES;
				SDKROOT = iphoneos;
				SWIFT_ACTIVE_COMPILATION_CONDITIONS = DEBUG;
				SWIFT_OPTIMIZATION_LEVEL = "-Onone";
			};
			name = Debug;
		};
		AD390EE0264F77EC0084BD9F /* Release */ = {
			isa = XCBuildConfiguration;
			buildSettings = {
				ALWAYS_SEARCH_USER_PATHS = NO;
				CLANG_ANALYZER_NONNULL = YES;
				CLANG_ANALYZER_NUMBER_OBJECT_CONVERSION = YES_AGGRESSIVE;
				CLANG_CXX_LANGUAGE_STANDARD = "gnu++14";
				CLANG_CXX_LIBRARY = "libc++";
				CLANG_ENABLE_MODULES = YES;
				CLANG_ENABLE_OBJC_ARC = YES;
				CLANG_ENABLE_OBJC_WEAK = YES;
				CLANG_WARN_BLOCK_CAPTURE_AUTORELEASING = YES;
				CLANG_WARN_BOOL_CONVERSION = YES;
				CLANG_WARN_COMMA = YES;
				CLANG_WARN_CONSTANT_CONVERSION = YES;
				CLANG_WARN_DEPRECATED_OBJC_IMPLEMENTATIONS = YES;
				CLANG_WARN_DIRECT_OBJC_ISA_USAGE = YES_ERROR;
				CLANG_WARN_DOCUMENTATION_COMMENTS = YES;
				CLANG_WARN_EMPTY_BODY = YES;
				CLANG_WARN_ENUM_CONVERSION = YES;
				CLANG_WARN_INFINITE_RECURSION = YES;
				CLANG_WARN_INT_CONVERSION = YES;
				CLANG_WARN_NON_LITERAL_NULL_CONVERSION = YES;
				CLANG_WARN_OBJC_IMPLICIT_RETAIN_SELF = YES;
				CLANG_WARN_OBJC_LITERAL_CONVERSION = YES;
				CLANG_WARN_OBJC_ROOT_CLASS = YES_ERROR;
				CLANG_WARN_QUOTED_INCLUDE_IN_FRAMEWORK_HEADER = YES;
				CLANG_WARN_RANGE_LOOP_ANALYSIS = YES;
				CLANG_WARN_STRICT_PROTOTYPES = YES;
				CLANG_WARN_SUSPICIOUS_MOVE = YES;
				CLANG_WARN_UNGUARDED_AVAILABILITY = YES_AGGRESSIVE;
				CLANG_WARN_UNREACHABLE_CODE = YES;
				CLANG_WARN__DUPLICATE_METHOD_MATCH = YES;
				COPY_PHASE_STRIP = NO;
				DEBUG_INFORMATION_FORMAT = "dwarf-with-dsym";
				ENABLE_NS_ASSERTIONS = NO;
				ENABLE_STRICT_OBJC_MSGSEND = YES;
				GCC_C_LANGUAGE_STANDARD = gnu11;
				GCC_NO_COMMON_BLOCKS = YES;
				GCC_WARN_64_TO_32_BIT_CONVERSION = YES;
				GCC_WARN_ABOUT_RETURN_TYPE = YES_ERROR;
				GCC_WARN_UNDECLARED_SELECTOR = YES;
				GCC_WARN_UNINITIALIZED_AUTOS = YES_AGGRESSIVE;
				GCC_WARN_UNUSED_FUNCTION = YES;
				GCC_WARN_UNUSED_VARIABLE = YES;
				IPHONEOS_DEPLOYMENT_TARGET = 14.4;
				MTL_ENABLE_DEBUG_INFO = NO;
				MTL_FAST_MATH = YES;
				SDKROOT = iphoneos;
				SWIFT_COMPILATION_MODE = wholemodule;
				SWIFT_OPTIMIZATION_LEVEL = "-O";
				VALIDATE_PRODUCT = YES;
			};
			name = Release;
		};
		AD390EE2264F77EC0084BD9F /* Debug */ = {
			isa = XCBuildConfiguration;
			buildSettings = {
				ALWAYS_EMBED_SWIFT_STANDARD_LIBRARIES = YES;
				ASSETCATALOG_COMPILER_APPICON_NAME = AppIcon;
				ASSETCATALOG_COMPILER_GLOBAL_ACCENT_COLOR_NAME = AccentColor;
				CODE_SIGN_STYLE = Automatic;
				DEVELOPMENT_ASSET_PATHS = "\"Emojibook/Preview Content\"";
				DEVELOPMENT_TEAM = CF655ESNGC;
				ENABLE_PREVIEWS = YES;
				INFOPLIST_FILE = Emojibook/Info.plist;
				IPHONEOS_DEPLOYMENT_TARGET = 14.0;
				LD_RUNPATH_SEARCH_PATHS = (
					"$(inherited)",
					"@executable_path/Frameworks",
				);
				PRODUCT_BUNDLE_IDENTIFIER = com.baralabs.Emojibook;
				PRODUCT_NAME = "$(TARGET_NAME)";
				SWIFT_VERSION = 5.0;
				TARGETED_DEVICE_FAMILY = "1,2";
			};
			name = Debug;
		};
		AD390EE3264F77EC0084BD9F /* Release */ = {
			isa = XCBuildConfiguration;
			buildSettings = {
				ALWAYS_EMBED_SWIFT_STANDARD_LIBRARIES = YES;
				ASSETCATALOG_COMPILER_APPICON_NAME = AppIcon;
				ASSETCATALOG_COMPILER_GLOBAL_ACCENT_COLOR_NAME = AccentColor;
				CODE_SIGN_STYLE = Automatic;
				DEVELOPMENT_ASSET_PATHS = "\"Emojibook/Preview Content\"";
				DEVELOPMENT_TEAM = CF655ESNGC;
				ENABLE_PREVIEWS = YES;
				INFOPLIST_FILE = Emojibook/Info.plist;
				IPHONEOS_DEPLOYMENT_TARGET = 14.0;
				LD_RUNPATH_SEARCH_PATHS = (
					"$(inherited)",
					"@executable_path/Frameworks",
				);
				PRODUCT_BUNDLE_IDENTIFIER = com.baralabs.Emojibook;
				PRODUCT_NAME = "$(TARGET_NAME)";
				SWIFT_VERSION = 5.0;
				TARGETED_DEVICE_FAMILY = "1,2";
			};
			name = Release;
		};
		AD6299EB265072C800513C61 /* Debug */ = {
			isa = XCBuildConfiguration;
			buildSettings = {
				ASSETCATALOG_COMPILER_GLOBAL_ACCENT_COLOR_NAME = AccentColor;
				ASSETCATALOG_COMPILER_WIDGET_BACKGROUND_COLOR_NAME = WidgetBackground;
				CODE_SIGN_STYLE = Automatic;
				DEVELOPMENT_TEAM = CF655ESNGC;
				INFOPLIST_FILE = "Emojibook Widget/Info.plist";
				LD_RUNPATH_SEARCH_PATHS = (
					"$(inherited)",
					"@executable_path/Frameworks",
					"@executable_path/../../Frameworks",
				);
				PRODUCT_BUNDLE_IDENTIFIER = "com.baralabs.Emojibook.Emojibook-Widget";
				PRODUCT_NAME = "$(TARGET_NAME)";
				SKIP_INSTALL = YES;
				SWIFT_VERSION = 5.0;
				TARGETED_DEVICE_FAMILY = "1,2";
			};
			name = Debug;
		};
		AD6299EC265072C800513C61 /* Release */ = {
			isa = XCBuildConfiguration;
			buildSettings = {
				ASSETCATALOG_COMPILER_GLOBAL_ACCENT_COLOR_NAME = AccentColor;
				ASSETCATALOG_COMPILER_WIDGET_BACKGROUND_COLOR_NAME = WidgetBackground;
				CODE_SIGN_STYLE = Automatic;
				DEVELOPMENT_TEAM = CF655ESNGC;
				INFOPLIST_FILE = "Emojibook Widget/Info.plist";
				LD_RUNPATH_SEARCH_PATHS = (
					"$(inherited)",
					"@executable_path/Frameworks",
					"@executable_path/../../Frameworks",
				);
				PRODUCT_BUNDLE_IDENTIFIER = "com.baralabs.Emojibook.Emojibook-Widget";
				PRODUCT_NAME = "$(TARGET_NAME)";
				SKIP_INSTALL = YES;
				SWIFT_VERSION = 5.0;
				TARGETED_DEVICE_FAMILY = "1,2";
			};
			name = Release;
		};
/* End XCBuildConfiguration section */

/* Begin XCConfigurationList section */
		AD390ECD264F77E90084BD9F /* Build configuration list for PBXProject "Emojibook" */ = {
			isa = XCConfigurationList;
			buildConfigurations = (
				AD390EDF264F77EC0084BD9F /* Debug */,
				AD390EE0264F77EC0084BD9F /* Release */,
			);
			defaultConfigurationIsVisible = 0;
			defaultConfigurationName = Release;
		};
		AD390EE1264F77EC0084BD9F /* Build configuration list for PBXNativeTarget "Emojibook" */ = {
			isa = XCConfigurationList;
			buildConfigurations = (
				AD390EE2264F77EC0084BD9F /* Debug */,
				AD390EE3264F77EC0084BD9F /* Release */,
			);
			defaultConfigurationIsVisible = 0;
			defaultConfigurationName = Release;
		};
		AD6299ED265072C800513C61 /* Build configuration list for PBXNativeTarget "Emojibook WidgetExtension" */ = {
			isa = XCConfigurationList;
			buildConfigurations = (
				AD6299EB265072C800513C61 /* Debug */,
				AD6299EC265072C800513C61 /* Release */,
			);
			defaultConfigurationIsVisible = 0;
			defaultConfigurationName = Release;
		};
/* End XCConfigurationList section */
	};
	rootObject = AD390ECA264F77E90084BD9F /* Project object */;
}
